
Microsoft Visual Studio Solution File, Format Version 12.00
# Visual Studio Version 17
VisualStudioVersion = 17.7.34003.232
MinimumVisualStudioVersion = 10.0.40219.1
Project("{FAE04EC0-301F-11D3-BF4B-00C04F79EFBC}") = "bibla", "bibla\bibla.csproj", "{CA38C7E9-4E6D-4D65-8DD9-F2AEB6849B65}"
EndProject
Project("{FAE04EC0-301F-11D3-BF4B-00C04F79EFBC}") = "dlya_bibla", "dlya_bibla\dlya_bibla.csproj", "{B3BCD77E-94E5-42D3-BD3A-5555017F10E8}"
EndProject
Global
	GlobalSection(SolutionConfigurationPlatforms) = preSolution
		Debug|Any CPU = Debug|Any CPU
		Release|Any CPU = Release|Any CPU
	EndGlobalSection
	GlobalSection(ProjectConfigurationPlatforms) = postSolution
		{CA38C7E9-4E6D-4D65-8DD9-F2AEB6849B65}.Debug|Any CPU.ActiveCfg = Debug|Any CPU
		{CA38C7E9-4E6D-4D65-8DD9-F2AEB6849B65}.Debug|Any CPU.Build.0 = Debug|Any CPU
		{CA38C7E9-4E6D-4D65-8DD9-F2AEB6849B65}.Release|Any CPU.ActiveCfg = Release|Any CPU
		{CA38C7E9-4E6D-4D65-8DD9-F2AEB6849B65}.Release|Any CPU.Build.0 = Release|Any CPU
		{B3BCD77E-94E5-42D3-BD3A-5555017F10E8}.Debug|Any CPU.ActiveCfg = Debug|Any CPU
		{B3BCD77E-94E5-42D3-BD3A-5555017F10E8}.Debug|Any CPU.Build.0 = Debug|Any CPU
		{B3BCD77E-94E5-42D3-BD3A-5555017F10E8}.Release|Any CPU.ActiveCfg = Release|Any CPU
		{B3BCD77E-94E5-42D3-BD3A-5555017F10E8}.Release|Any CPU.Build.0 = Release|Any CPU
	EndGlobalSection
	GlobalSection(SolutionProperties) = preSolution
		HideSolutionNode = FALSE
	EndGlobalSection
	GlobalSection(ExtensibilityGlobals) = postSolution
		SolutionGuid = {5221F9BC-4D74-45AE-84A2-24C4A213DACD}
	EndGlobalSection
EndGlobal
